github.com/gammazero/deque v0.2.1 h1:qSdsbG6pgp6nL7A0+K/B7s12mcCY/5l5SIUpMOl+dC0=
github.com/gammazero/deque v0.2.1/go.mod h1:LFroj8x4cMYCukHJDbxFCkT+r9AndaJnFMuZDV34tuU=
github.com/google/btree v1.1.2 h1:xf4v41cLI2Z6FxbKm+8Bu+m8ifhj15JuZ9sa0jZCMUU=
github.com/google/btree v1.1.2/go.mod h1:qOPhT0dTNdNzV6Z/lhRX0YXUafgPLFUh+gZMl761Gm4=
github.com/google/netstack v0.0.0-20191123085552-55fcc16cd0eb h1:/YcrD0GSdU5gtckXHVjSEd0Y6VgboNW7VYyImZS3y6g=
github.com/google/netstack v0.0.0-20191123085552-55fcc16cd0eb/go.mod h1:r/rILWg3r1Qy9G1IFMhsqWLq2GjwuYoTuPgG7ckMAjk=
golang.org/x/net v0.0.0-20221004154528-8021a29435af h1:wv66FM3rLZGPdxpYL+ApnDe2HzHcTFta3z5nsc13wI4=
golang.org/x/net v0.0.0-20221004154528-8021a29435af/go.mod h1:YDH+HFinaLZZlnHAfSS6ZXJJ9M9t4Dl22yv3iI2vPwk=
golang.org/x/sys v0.0.0-20220728004956-3c1f35247d10 h1:WIoqL4EROvwiPdUtaip4VcDdpZ4kha7wBWZrbVKCIZg=
golang.org/x/sys v0.0.0-20220728004956-3c1f35247d10/go.mod h1:oPkhp1MJrh7nUepCBck5+mAzfO9JrbApNNgaTdGDITg=
